// !$*UTF8*$!
{
	archiveVersion = 1;
	classes = {
	};
	objectVersion = 77;
	objects = {

/* Begin PBXContainerItemProxy section */
		1D267BC82DDEAF2400A44121 /* PBXContainerItemProxy */ = {
			isa = PBXContainerItemProxy;
			containerPortal = 1D267BAF2DDEAF2200A44121 /* Project object */;
			proxyType = 1;
			remoteGlobalIDString = 1D267BB62DDEAF2200A44121;
			remoteInfo = "Hello Dicoding";
		};
		1D267BD22DDEAF2400A44121 /* PBXContainerItemProxy */ = {
			isa = PBXContainerItemProxy;
			containerPortal = 1D267BAF2DDEAF2200A44121 /* Project object */;
			proxyType = 1;
			remoteGlobalIDString = 1D267BB62DDEAF2200A44121;
			remoteInfo = "Hello Dicoding";
		};
/* End PBXContainerItemProxy section */

/* Begin PBXFileReference section */
		1D267BB72DDEAF2200A44121 /* Hello Dicoding.app */ = {isa = PBXFileReference; explicitFileType = wrapper.application; includeInIndex = 0; path = "Hello Dicoding.app"; sourceTree = BUILT_PRODUCTS_DIR; };
		1D267BC72DDEAF2400A44121 /* Hello DicodingTests.xctest */ = {isa = PBXFileReference; explicitFileType = wrapper.cfbundle; includeInIndex = 0; path = "Hello DicodingTests.xctest"; sourceTree = BUILT_PRODUCTS_DIR; };
		1D267BD12DDEAF2400A44121 /* Hello DicodingUITests.xctest */ = {isa = PBXFileReference; explicitFileType = wrapper.cfbundle; includeInIndex = 0; path = "Hello DicodingUITests.xctest"; sourceTree = BUILT_PRODUCTS_DIR; };
/* End PBXFileReference section */

/* Begin PBXFileSystemSynchronizedBuildFileExceptionSet section */
		1D267BE42DDEB09100A44121 /* Exceptions for "Hello DicodingTests" folder in "Hello DicodingTests" target */ = {
			isa = PBXFileSystemSynchronizedBuildFileExceptionSet;
			membershipExceptions = (
				Hello_DicodingUITests.swift,
			);
			target = 1D267BC62DDEAF2400A44121 /* Hello DicodingTests */;
		};
		1D267BE52DDEB09100A44121 /* Exceptions for "Hello DicodingTests" folder in "Hello DicodingUITests" target */ = {
			isa = PBXFileSystemSynchronizedBuildFileExceptionSet;
			membershipExceptions = (
				Hello_DicodingUITests.swift,
			);
			target = 1D267BD02DDEAF2400A44121 /* Hello DicodingUITests */;
		};
/* End PBXFileSystemSynchronizedBuildFileExceptionSet section */

/* Begin PBXFileSystemSynchronizedRootGroup section */
		1D267BB92DDEAF2200A44121 /* Hello Dicoding */ = {
			isa = PBXFileSystemSynchronizedRootGroup;
			path = "Hello Dicoding";
			sourceTree = "<group>";
		};
		1D267BCA2DDEAF2400A44121 /* Hello DicodingTests */ = {
			isa = PBXFileSystemSynchronizedRootGroup;
			exceptions = (
				1D267BE42DDEB09100A44121 /* Exceptions for "Hello DicodingTests" folder in "Hello DicodingTests" target */,
				1D267BE52DDEB09100A44121 /* Exceptions for "Hello DicodingTests" folder in "Hello DicodingUITests" target */,
			);
			path = "Hello DicodingTests";
			sourceTree = "<group>";
		};
		1D267BD42DDEAF2400A44121 /* Hello DicodingUITests */ = {
			isa = PBXFileSystemSynchronizedRootGroup;
			path = "Hello DicodingUITests";
			sourceTree = "<group>";
		};
/* End PBXFileSystemSynchronizedRootGroup section */

/* Begin PBXFrameworksBuildPhase section */
		1D267BB42DDEAF2200A44121 /* Frameworks */ = {
			isa = PBXFrameworksBuildPhase;
			buildActionMask = 2147483647;
			files = (
			);
			runOnlyForDeploymentPostprocessing = 0;
		};
		1D267BC42DDEAF2400A44121 /* Frameworks */ = {
			isa = PBXFrameworksBuildPhase;
			buildActionMask = 2147483647;
			files = (
			);
			runOnlyForDeploymentPostprocessing = 0;
		};
		1D267BCE2DDEAF2400A44121 /* Frameworks */ = {
			isa = PBXFrameworksBuildPhase;
			buildActionMask = 2147483647;
			files = (
			);
			runOnlyForDeploymentPostprocessing = 0;
		};
/* End PBXFrameworksBuildPhase section */

/* Begin PBXGroup section */
		1D267BAE2DDEAF2200A44121 = {
			isa = PBXGroup;
			children = (
				1D267BB92DDEAF2200A44121 /* Hello Dicoding */,
				1D267BCA2DDEAF2400A44121 /* Hello DicodingTests */,
				1D267BD42DDEAF2400A44121 /* Hello DicodingUITests */,
				1D267BB82DDEAF2200A44121 /* Products */,
			);
			sourceTree = "<group>";
		};
		1D267BB82DDEAF2200A44121 /* Products */ = {
			isa = PBXGroup;
			children = (
				1D267BB72DDEAF2200A44121 /* Hello Dicoding.app */,
				1D267BC72DDEAF2400A44121 /* Hello DicodingTests.xctest */,
				1D267BD12DDEAF2400A44121 /* Hello DicodingUITests.xctest */,
			);
			name = Products;
			sourceTree = "<group>";
		};
/* End PBXGroup section */

/* Begin PBXNativeTarget section */
		1D267BB62DDEAF2200A44121 /* Hello Dicoding */ = {
			isa = PBXNativeTarget;
			buildConfigurationList = 1D267BDB2DDEAF2400A44121 /* Build configuration list for PBXNativeTarget "Hello Dicoding" */;
			buildPhases = (
				1D267BB32DDEAF2200A44121 /* Sources */,
				1D267BB42DDEAF2200A44121 /* Frameworks */,
				1D267BB52DDEAF2200A44121 /* Resources */,
			);
			buildRules = (
			);
			dependencies = (
			);
			fileSystemSynchronizedGroups = (
				1D267BB92DDEAF2200A44121 /* Hello Dicoding */,
			);
			name = "Hello Dicoding";
			packageProductDependencies = (
			);
			productName = "Hello Dicoding";
			productReference = 1D267BB72DDEAF2200A44121 /* Hello Dicoding.app */;
			productType = "com.apple.product-type.application";
		};
		1D267BC62DDEAF2400A44121 /* Hello DicodingTests */ = {
			isa = PBXNativeTarget;
			buildConfigurationList = 1D267BDE2DDEAF2400A44121 /* Build configuration list for PBXNativeTarget "Hello DicodingTests" */;
			buildPhases = (
				1D267BC32DDEAF2400A44121 /* Sources */,
				1D267BC42DDEAF2400A44121 /* Frameworks */,
				1D267BC52DDEAF2400A44121 /* Resources */,
			);
			buildRules = (
			);
			dependencies = (
				1D267BC92DDEAF2400A44121 /* PBXTargetDependency */,
			);
			fileSystemSynchronizedGroups = (
				1D267BCA2DDEAF2400A44121 /* Hello DicodingTests */,
			);
			name = "Hello DicodingTests";
			packageProductDependencies = (
			);
			productName = "Hello DicodingTests";
			productReference = 1D267BC72DDEAF2400A44121 /* Hello DicodingTests.xctest */;
			productType = "com.apple.product-type.bundle.unit-test";
		};
		1D267BD02DDEAF2400A44121 /* Hello DicodingUITests */ = {
			isa = PBXNativeTarget;
			buildConfigurationList = 1D267BE12DDEAF2400A44121 /* Build configuration list for PBXNativeTarget "Hello DicodingUITests" */;
			buildPhases = (
				1D267BCD2DDEAF2400A44121 /* Sources */,
				1D267BCE2DDEAF2400A44121 /* Frameworks */,
				1D267BCF2DDEAF2400A44121 /* Resources */,
			);
			buildRules = (
			);
			dependencies = (
				1D267BD32DDEAF2400A44121 /* PBXTargetDependency */,
			);
			fileSystemSynchronizedGroups = (
				1D267BD42DDEAF2400A44121 /* Hello DicodingUITests */,
			);
			name = "Hello DicodingUITests";
			packageProductDependencies = (
			);
			productName = "Hello DicodingUITests";
			productReference = 1D267BD12DDEAF2400A44121 /* Hello DicodingUITests.xctest */;
			productType = "com.apple.product-type.bundle.ui-testing";
		};
/* End PBXNativeTarget section */

/* Begin PBXProject section */
		1D267BAF2DDEAF2200A44121 /* Project object */ = {
			isa = PBXProject;
			attributes = {
				BuildIndependentTargetsInParallel = 1;
				LastSwiftUpdateCheck = 1620;
				LastUpgradeCheck = 1620;
				TargetAttributes = {
					1D267BB62DDEAF2200A44121 = {
						CreatedOnToolsVersion = 16.2;
					};
					1D267BC62DDEAF2400A44121 = {
						CreatedOnToolsVersion = 16.2;
						TestTargetID = 1D267BB62DDEAF2200A44121;
					};
					1D267BD02DDEAF2400A44121 = {
						CreatedOnToolsVersion = 16.2;
						TestTargetID = 1D267BB62DDEAF2200A44121;
					};
				};
			};
			buildConfigurationList = 1D267BB22DDEAF2200A44121 /* Build configuration list for PBXProject "Hello Dicoding" */;
			developmentRegion = en;
			hasScannedForEncodings = 0;
			knownRegions = (
				en,
				Base,
			);
			mainGroup = 1D267BAE2DDEAF2200A44121;
			minimizedProjectReferenceProxies = 1;
			preferredProjectObjectVersion = 77;
			productRefGroup = 1D267BB82DDEAF2200A44121 /* Products */;
			projectDirPath = "";
			projectRoot = "";
			targets = (
				1D267BB62DDEAF2200A44121 /* Hello Dicoding */,
				1D267BC62DDEAF2400A44121 /* Hello DicodingTests */,
				1D267BD02DDEAF2400A44121 /* Hello DicodingUITests */,
			);
		};
/* End PBXProject section */

/* Begin PBXResourcesBuildPhase section */
		1D267BB52DDEAF2200A44121 /* Resources */ = {
			isa = PBXResourcesBuildPhase;
			buildActionMask = 2147483647;
			files = (
			);
			runOnlyForDeploymentPostprocessing = 0;
		};
		1D267BC52DDEAF2400A44121 /* Resources */ = {
			isa = PBXResourcesBuildPhase;
			buildActionMask = 2147483647;
			files = (
			);
			runOnlyForDeploymentPostprocessing = 0;
		};
		1D267BCF2DDEAF2400A44121 /* Resources */ = {
			isa = PBXResourcesBuildPhase;
			buildActionMask = 2147483647;
			files = (
			);
			runOnlyForDeploymentPostprocessing = 0;
		};
/* End PBXResourcesBuildPhase section */

/* Begin PBXSourcesBuildPhase section */
		1D267BB32DDEAF2200A44121 /* Sources */ = {
			isa = PBXSourcesBuildPhase;
			buildActionMask = 2147483647;
			files = (
			);
			runOnlyForDeploymentPostprocessing = 0;
		};
		1D267BC32DDEAF2400A44121 /* Sources */ = {
			isa = PBXSourcesBuildPhase;
			buildActionMask = 2147483647;
			files = (
			);
			runOnlyForDeploymentPostprocessing = 0;
		};
		1D267BCD2DDEAF2400A44121 /* Sources */ = {
			isa = PBXSourcesBuildPhase;
			buildActionMask = 2147483647;
			files = (
			);
			runOnlyForDeploymentPostprocessing = 0;
		};
/* End PBXSourcesBuildPhase section */

/* Begin PBXTargetDependency section */
		1D267BC92DDEAF2400A44121 /* PBXTargetDependency */ = {
			isa = PBXTargetDependency;
			target = 1D267BB62DDEAF2200A44121 /* Hello Dicoding */;
			targetProxy = 1D267BC82DDEAF2400A44121 /* PBXContainerItemProxy */;
		};
		1D267BD32DDEAF2400A44121 /* PBXTargetDependency */ = {
			isa = PBXTargetDependency;
			target = 1D267BB62DDEAF2200A44121 /* Hello Dicoding */;
			targetProxy = 1D267BD22DDEAF2400A44121 /* PBXContainerItemProxy */;
		};
/* End PBXTargetDependency section */

/* Begin XCBuildConfiguration section */
		1D267BD92DDEAF2400A44121 /* Debug */ = {
			isa = XCBuildConfiguration;
			buildSettings = {
				ALWAYS_SEARCH_USER_PATHS = NO;
				ASSETCATALOG_COMPILER_GENERATE_SWIFT_ASSET_SYMBOL_EXTENSIONS = YES;
				CLANG_ANALYZER_NONNULL = YES;
				CLANG_ANALYZER_NUMBER_OBJECT_CONVERSION = YES_AGGRESSIVE;
				CLANG_CXX_LANGUAGE_STANDARD = "gnu++20";
				CLANG_ENABLE_MODULES = YES;
				CLANG_ENABLE_OBJC_ARC = YES;
				CLANG_ENABLE_OBJC_WEAK = YES;
				CLANG_WARN_BLOCK_CAPTURE_AUTORELEASING = YES;
				CLANG_WARN_BOOL_CONVERSION = YES;
				CLANG_WARN_COMMA = YES;
				CLANG_WARN_CONSTANT_CONVERSION = YES;
				CLANG_WARN_DEPRECATED_OBJC_IMPLEMENTATIONS = YES;
				CLANG_WARN_DIRECT_OBJC_ISA_USAGE = YES_ERROR;
				CLANG_WARN_DOCUMENTATION_COMMENTS = YES;
				CLANG_WARN_EMPTY_BODY = YES;
				CLANG_WARN_ENUM_CONVERSION = YES;
				CLANG_WARN_INFINITE_RECURSION = YES;
				CLANG_WARN_INT_CONVERSION = YES;
				CLANG_WARN_NON_LITERAL_NULL_CONVERSION = YES;
				CLANG_WARN_OBJC_IMPLICIT_RETAIN_SELF = YES;
				CLANG_WARN_OBJC_LITERAL_CONVERSION = YES;
				CLANG_WARN_OBJC_ROOT_CLASS = YES_ERROR;
				CLANG_WARN_QUOTED_INCLUDE_IN_FRAMEWORK_HEADER = YES;
				CLANG_WARN_RANGE_LOOP_ANALYSIS = YES;
				CLANG_WARN_STRICT_PROTOTYPES = YES;
				CLANG_WARN_SUSPICIOUS_MOVE = YES;
				CLANG_WARN_UNGUARDED_AVAILABILITY = YES_AGGRESSIVE;
				CLANG_WARN_UNREACHABLE_CODE = YES;
				CLANG_WARN__DUPLICATE_METHOD_MATCH = YES;
				COPY_PHASE_STRIP = NO;
				DEBUG_INFORMATION_FORMAT = dwarf;
				ENABLE_STRICT_OBJC_MSGSEND = YES;
				ENABLE_TESTABILITY = YES;
				ENABLE_USER_SCRIPT_SANDBOXING = YES;
				GCC_C_LANGUAGE_STANDARD = gnu17;
				GCC_DYNAMIC_NO_PIC = NO;
				GCC_NO_COMMON_BLOCKS = YES;
				GCC_OPTIMIZATION_LEVEL = 0;
				GCC_PREPROCESSOR_DEFINITIONS = (
					"DEBUG=1",
					"$(inherited)",
				);
				GCC_WARN_64_TO_32_BIT_CONVERSION = YES;
				GCC_WARN_ABOUT_RETURN_TYPE = YES_ERROR;
				GCC_WARN_UNDECLARED_SELECTOR = YES;
				GCC_WARN_UNINITIALIZED_AUTOS = YES_AGGRESSIVE;
				GCC_WARN_UNUSED_FUNCTION = YES;
				GCC_WARN_UNUSED_VARIABLE = YES;
				IPHONEOS_DEPLOYMENT_TARGET = 18.2;
				LOCALIZATION_PREFERS_STRING_CATALOGS = YES;
				MTL_ENABLE_DEBUG_INFO = INCLUDE_SOURCE;
				MTL_FAST_MATH = YES;
				ONLY_ACTIVE_ARCH = YES;
				SDKROOT = iphoneos;
				SWIFT_ACTIVE_COMPILATION_CONDITIONS = "DEBUG $(inherited)";
				SWIFT_OPTIMIZATION_LEVEL = "-Onone";
			};
			name = Debug;
		};
		1D267BDA2DDEAF2400A44121 /* Release */ = {
			isa = XCBuildConfiguration;
			buildSettings = {
				ALWAYS_SEARCH_USER_PATHS = NO;
				ASSETCATALOG_COMPILER_GENERATE_SWIFT_ASSET_SYMBOL_EXTENSIONS = YES;
				CLANG_ANALYZER_NONNULL = YES;
				CLANG_ANALYZER_NUMBER_OBJECT_CONVERSION = YES_AGGRESSIVE;
				CLANG_CXX_LANGUAGE_STANDARD = "gnu++20";
				CLANG_ENABLE_MODULES = YES;
				CLANG_ENABLE_OBJC_ARC = YES;
				CLANG_ENABLE_OBJC_WEAK = YES;
				CLANG_WARN_BLOCK_CAPTURE_AUTORELEASING = YES;
				CLANG_WARN_BOOL_CONVERSION = YES;
				CLANG_WARN_COMMA = YES;
				CLANG_WARN_CONSTANT_CONVERSION = YES;
				CLANG_WARN_DEPRECATED_OBJC_IMPLEMENTATIONS = YES;
				CLANG_WARN_DIRECT_OBJC_ISA_USAGE = YES_ERROR;
				CLANG_WARN_DOCUMENTATION_COMMENTS = YES;
				CLANG_WARN_EMPTY_BODY = YES;
				CLANG_WARN_ENUM_CONVERSION = YES;
				CLANG_WARN_INFINITE_RECURSION = YES;
				CLANG_WARN_INT_CONVERSION = YES;
				CLANG_WARN_NON_LITERAL_NULL_CONVERSION = YES;
				CLANG_WARN_OBJC_IMPLICIT_RETAIN_SELF = YES;
				CLANG_WARN_OBJC_LITERAL_CONVERSION = YES;
				CLANG_WARN_OBJC_ROOT_CLASS = YES_ERROR;
				CLANG_WARN_QUOTED_INCLUDE_IN_FRAMEWORK_HEADER = YES;
				CLANG_WARN_RANGE_LOOP_ANALYSIS = YES;
				CLANG_WARN_STRICT_PROTOTYPES = YES;
				CLANG_WARN_SUSPICIOUS_MOVE = YES;
				CLANG_WARN_UNGUARDED_AVAILABILITY = YES_AGGRESSIVE;
				CLANG_WARN_UNREACHABLE_CODE = YES;
				CLANG_WARN__DUPLICATE_METHOD_MATCH = YES;
				COPY_PHASE_STRIP = NO;
				DEBUG_INFORMATION_FORMAT = "dwarf-with-dsym";
				ENABLE_NS_ASSERTIONS = NO;
				ENABLE_STRICT_OBJC_MSGSEND = YES;
				ENABLE_USER_SCRIPT_SANDBOXING = YES;
				GCC_C_LANGUAGE_STANDARD = gnu17;
				GCC_NO_COMMON_BLOCKS = YES;
				GCC_WARN_64_TO_32_BIT_CONVERSION = YES;
				GCC_WARN_ABOUT_RETURN_TYPE = YES_ERROR;
				GCC_WARN_UNDECLARED_SELECTOR = YES;
				GCC_WARN_UNINITIALIZED_AUTOS = YES_AGGRESSIVE;
				GCC_WARN_UNUSED_FUNCTION = YES;
				GCC_WARN_UNUSED_VARIABLE = YES;
				IPHONEOS_DEPLOYMENT_TARGET = 18.2;
				LOCALIZATION_PREFERS_STRING_CATALOGS = YES;
				MTL_ENABLE_DEBUG_INFO = NO;
				MTL_FAST_MATH = YES;
				SDKROOT = iphoneos;
				SWIFT_COMPILATION_MODE = wholemodule;
				VALIDATE_PRODUCT = YES;
			};
			name = Release;
		};
		1D267BDC2DDEAF2400A44121 /* Debug */ = {
			isa = XCBuildConfiguration;
			buildSettings = {
				ASSETCATALOG_COMPILER_APPICON_NAME = AppIcon;
				ASSETCATALOG_COMPILER_GLOBAL_ACCENT_COLOR_NAME = AccentColor;
				CODE_SIGN_STYLE = Automatic;
				CURRENT_PROJECT_VERSION = 1;
				DEVELOPMENT_ASSET_PATHS = "\"Hello Dicoding/Preview Content\"";
				ENABLE_PREVIEWS = YES;
				GENERATE_INFOPLIST_FILE = YES;
				INFOPLIST_KEY_UIApplicationSceneManifest_Generation = YES;
				INFOPLIST_KEY_UIApplicationSupportsIndirectInputEvents = YES;
				INFOPLIST_KEY_UILaunchScreen_Generation = YES;
				INFOPLIST_KEY_UISupportedInterfaceOrientations_iPad = "UIInterfaceOrientationPortrait UIInterfaceOrientationPortraitUpsideDown UIInterfaceOrientationLandscapeLeft UIInterfaceOrientationLandscapeRight";
				INFOPLIST_KEY_UISupportedInterfaceOrientations_iPhone = "UIInterfaceOrientationPortrait UIInterfaceOrientationLandscapeLeft UIInterfaceOrientationLandscapeRight";
				LD_RUNPATH_SEARCH_PATHS = (
					"$(inherited)",
					"@executable_path/Frameworks",
				);
				MARKETING_VERSION = 1.0;
				PRODUCT_BUNDLE_IDENTIFIER = "com.dicoding.academy.Hello-Dicoding";
				PRODUCT_NAME = "$(TARGET_NAME)";
				SWIFT_EMIT_LOC_STRINGS = YES;
				SWIFT_VERSION = 5.0;
				TARGETED_DEVICE_FAMILY = "1,2";
			};
			name = Debug;
		};
		1D267BDD2DDEAF2400A44121 /* Release */ = {
			isa = XCBuildConfiguration;
			buildSettings = {
				ASSETCATALOG_COMPILER_APPICON_NAME = AppIcon;
				ASSETCATALOG_COMPILER_GLOBAL_ACCENT_COLOR_NAME = AccentColor;
				CODE_SIGN_STYLE = Automatic;
				CURRENT_PROJECT_VERSION = 1;
				DEVELOPMENT_ASSET_PATHS = "\"Hello Dicoding/Preview Content\"";
				ENABLE_PREVIEWS = YES;
				GENERATE_INFOPLIST_FILE = YES;
				INFOPLIST_KEY_UIApplicationSceneManifest_Generation = YES;
				INFOPLIST_KEY_UIApplicationSupportsIndirectInputEvents = YES;
				INFOPLIST_KEY_UILaunchScreen_Generation = YES;
				INFOPLIST_KEY_UISupportedInterfaceOrientations_iPad = "UIInterfaceOrientationPortrait UIInterfaceOrientationPortraitUpsideDown UIInterfaceOrientationLandscapeLeft UIInterfaceOrientationLandscapeRight";
				INFOPLIST_KEY_UISupportedInterfaceOrientations_iPhone = "UIInterfaceOrientationPortrait UIInterfaceOrientationLandscapeLeft UIInterfaceOrientationLandscapeRight";
				LD_RUNPATH_SEARCH_PATHS = (
					"$(inherited)",
					"@executable_path/Frameworks",
				);
				MARKETING_VERSION = 1.0;
				PRODUCT_BUNDLE_IDENTIFIER = "com.dicoding.academy.Hello-Dicoding";
				PRODUCT_NAME = "$(TARGET_NAME)";
				SWIFT_EMIT_LOC_STRINGS = YES;
				SWIFT_VERSION = 5.0;
				TARGETED_DEVICE_FAMILY = "1,2";
			};
			name = Release;
		};
		1D267BDF2DDEAF2400A44121 /* Debug */ = {
			isa = XCBuildConfiguration;
			buildSettings = {
				BUNDLE_LOADER = "$(TEST_HOST)";
				CODE_SIGN_STYLE = Automatic;
				CURRENT_PROJECT_VERSION = 1;
				GENERATE_INFOPLIST_FILE = YES;
				IPHONEOS_DEPLOYMENT_TARGET = 18.2;
				MARKETING_VERSION = 1.0;
				PRODUCT_BUNDLE_IDENTIFIER = "com.dicoding.academy.Hello-DicodingTests";
				PRODUCT_NAME = "$(TARGET_NAME)";
				SWIFT_EMIT_LOC_STRINGS = NO;
				SWIFT_VERSION = 5.0;
				TARGETED_DEVICE_FAMILY = "1,2";
				TEST_HOST = "$(BUILT_PRODUCTS_DIR)/Hello Dicoding.app/$(BUNDLE_EXECUTABLE_FOLDER_PATH)/Hello Dicoding";
			};
			name = Debug;
		};
		1D267BE02DDEAF2400A44121 /* Release */ = {
			isa = XCBuildConfiguration;
			buildSettings = {
				BUNDLE_LOADER = "$(TEST_HOST)";
				CODE_SIGN_STYLE = Automatic;
				CURRENT_PROJECT_VERSION = 1;
				GENERATE_INFOPLIST_FILE = YES;
				IPHONEOS_DEPLOYMENT_TARGET = 18.2;
				MARKETING_VERSION = 1.0;
				PRODUCT_BUNDLE_IDENTIFIER = "com.dicoding.academy.Hello-DicodingTests";
				PRODUCT_NAME = "$(TARGET_NAME)";
				SWIFT_EMIT_LOC_STRINGS = NO;
				SWIFT_VERSION = 5.0;
				TARGETED_DEVICE_FAMILY = "1,2";
				TEST_HOST = "$(BUILT_PRODUCTS_DIR)/Hello Dicoding.app/$(BUNDLE_EXECUTABLE_FOLDER_PATH)/Hello Dicoding";
			};
			name = Release;
		};
		1D267BE22DDEAF2400A44121 /* Debug */ = {
			isa = XCBuildConfiguration;
			buildSettings = {
				CODE_SIGN_STYLE = Automatic;
				CURRENT_PROJECT_VERSION = 1;
				GENERATE_INFOPLIST_FILE = YES;
				MARKETING_VERSION = 1.0;
				PRODUCT_BUNDLE_IDENTIFIER = "com.dicoding.academy.Hello-DicodingUITests";
				PRODUCT_NAME = "$(TARGET_NAME)";
				SWIFT_EMIT_LOC_STRINGS = NO;
				SWIFT_VERSION = 5.0;
				TARGETED_DEVICE_FAMILY = "1,2";
				TEST_TARGET_NAME = "Hello Dicoding";
			};
			name = Debug;
		};
		1D267BE32DDEAF2400A44121 /* Release */ = {
			isa = XCBuildConfiguration;
			buildSettings = {
				CODE_SIGN_STYLE = Automatic;
				CURRENT_PROJECT_VERSION = 1;
				GENERATE_INFOPLIST_FILE = YES;
				MARKETING_VERSION = 1.0;
				PRODUCT_BUNDLE_IDENTIFIER = "com.dicoding.academy.Hello-DicodingUITests";
				PRODUCT_NAME = "$(TARGET_NAME)";
				SWIFT_EMIT_LOC_STRINGS = NO;
				SWIFT_VERSION = 5.0;
				TARGETED_DEVICE_FAMILY = "1,2";
				TEST_TARGET_NAME = "Hello Dicoding";
			};
			name = Release;
		};
/* End XCBuildConfiguration section */

/* Begin XCConfigurationList section */
		1D267BB22DDEAF2200A44121 /* Build configuration list for PBXProject "Hello Dicoding" */ = {
			isa = XCConfigurationList;
			buildConfigurations = (
				1D267BD92DDEAF2400A44121 /* Debug */,
				1D267BDA2DDEAF2400A44121 /* Release */,
			);
			defaultConfigurationIsVisible = 0;
			defaultConfigurationName = Release;
		};
		1D267BDB2DDEAF2400A44121 /* Build configuration list for PBXNativeTarget "Hello Dicoding" */ = {
			isa = XCConfigurationList;
			buildConfigurations = (
				1D267BDC2DDEAF2400A44121 /* Debug */,
				1D267BDD2DDEAF2400A44121 /* Release */,
			);
			defaultConfigurationIsVisible = 0;
			defaultConfigurationName = Release;
		};
		1D267BDE2DDEAF2400A44121 /* Build configuration list for PBXNativeTarget "Hello DicodingTests" */ = {
			isa = XCConfigurationList;
			buildConfigurations = (
				1D267BDF2DDEAF2400A44121 /* Debug */,
				1D267BE02DDEAF2400A44121 /* Release */,
			);
			defaultConfigurationIsVisible = 0;
			defaultConfigurationName = Release;
		};
		1D267BE12DDEAF2400A44121 /* Build configuration list for PBXNativeTarget "Hello DicodingUITests" */ = {
			isa = XCConfigurationList;
			buildConfigurations = (
				1D267BE22DDEAF2400A44121 /* Debug */,
				1D267BE32DDEAF2400A44121 /* Release */,
			);
			defaultConfigurationIsVisible = 0;
			defaultConfigurationName = Release;
		};
/* End XCConfigurationList section */
	};
	rootObject = 1D267BAF2DDEAF2200A44121 /* Project object */;
}
